// !$*UTF8*$!
{
	archiveVersion = 1;
	classes = {
	};
	objectVersion = 50;
	objects = {

/* Begin PBXBuildFile section */
		82F74AA82239D46B0045290E /* AppDelegate.swift in Sources */ = {isa = PBXBuildFile; fileRef = 82F74AA72239D46B0045290E /* AppDelegate.swift */; };
		82F74AAA2239D46B0045290E /* ViewController.swift in Sources */ = {isa = PBXBuildFile; fileRef = 82F74AA92239D46B0045290E /* ViewController.swift */; };
		82F74AAD2239D46B0045290E /* Main.storyboard in Resources */ = {isa = PBXBuildFile; fileRef = 82F74AAB2239D46B0045290E /* Main.storyboard */; };
		82F74AAF2239D46D0045290E /* Assets.xcassets in Resources */ = {isa = PBXBuildFile; fileRef = 82F74AAE2239D46D0045290E /* Assets.xcassets */; };
		82F74AB22239D46D0045290E /* LaunchScreen.storyboard in Resources */ = {isa = PBXBuildFile; fileRef = 82F74AB02239D46D0045290E /* LaunchScreen.storyboard */; };
		82F74ABA2239D89E0045290E /* start.txt in Resources */ = {isa = PBXBuildFile; fileRef = 82F74AB92239D89E0045290E /* start.txt */; };
/* End PBXBuildFile section */

/* Begin PBXFileReference section */
		82F74AA42239D46B0045290E /* ConsolidationDay41.app */ = {isa = PBXFileReference; explicitFileType = wrapper.application; includeInIndex = 0; path = ConsolidationDay41.app; sourceTree = BUILT_PRODUCTS_DIR; };
		82F74AA72239D46B0045290E /* AppDelegate.swift */ = {isa = PBXFileReference; lastKnownFileType = sourcecode.swift; path = AppDelegate.swift; sourceTree = "<group>"; };
		82F74AA92239D46B0045290E /* ViewController.swift */ = {isa = PBXFileReference; lastKnownFileType = sourcecode.swift; path = ViewController.swift; sourceTree = "<group>"; };
		82F74AAC2239D46B0045290E /* Base */ = {isa = PBXFileReference; lastKnownFileType = file.storyboard; name = Base; path = Base.lproj/Main.storyboard; sourceTree = "<group>"; };
		82F74AAE2239D46D0045290E /* Assets.xcassets */ = {isa = PBXFileReference; lastKnownFileType = folder.assetcatalog; path = Assets.xcassets; sourceTree = "<group>"; };
		82F74AB12239D46D0045290E /* Base */ = {isa = PBXFileReference; lastKnownFileType = file.storyboard; name = Base; path = Base.lproj/LaunchScreen.storyboard; sourceTree = "<group>"; };
		82F74AB32239D46D0045290E /* Info.plist */ = {isa = PBXFileReference; lastKnownFileType = text.plist.xml; path = Info.plist; sourceTree = "<group>"; };
		82F74AB92239D89E0045290E /* start.txt */ = {isa = PBXFileReference; fileEncoding = 4; lastKnownFileType = text; path = start.txt; sourceTree = "<group>"; };
/* End PBXFileReference section */

/* Begin PBXFrameworksBuildPhase section */
		82F74AA12239D46B0045290E /* Frameworks */ = {
			isa = PBXFrameworksBuildPhase;
			buildActionMask = 2147483647;
			files = (
			);
			runOnlyForDeploymentPostprocessing = 0;
		};
/* End PBXFrameworksBuildPhase section */

/* Begin PBXGroup section */
		82F74A9B2239D46B0045290E = {
			isa = PBXGroup;
			children = (
				82F74AA62239D46B0045290E /* ConsolidationDay41 */,
				82F74AA52239D46B0045290E /* Products */,
				82F74AB92239D89E0045290E /* start.txt */,
			);
			sourceTree = "<group>";
		};
		82F74AA52239D46B0045290E /* Products */ = {
			isa = PBXGroup;
			children = (
				82F74AA42239D46B0045290E /* ConsolidationDay41.app */,
			);
			name = Products;
			sourceTree = "<group>";
		};
		82F74AA62239D46B0045290E /* ConsolidationDay41 */ = {
			isa = PBXGroup;
			children = (
				82F74AA72239D46B0045290E /* AppDelegate.swift */,
				82F74AA92239D46B0045290E /* ViewController.swift */,
				82F74AAB2239D46B0045290E /* Main.storyboard */,
				82F74AAE2239D46D0045290E /* Assets.xcassets */,
				82F74AB02239D46D0045290E /* LaunchScreen.storyboard */,
				82F74AB32239D46D0045290E /* Info.plist */,
			);
			path = ConsolidationDay41;
			sourceTree = "<group>";
		};
/* End PBXGroup section */

/* Begin PBXNativeTarget section */
		82F74AA32239D46B0045290E /* ConsolidationDay41 */ = {
			isa = PBXNativeTarget;
			buildConfigurationList = 82F74AB62239D46D0045290E /* Build configuration list for PBXNativeTarget "ConsolidationDay41" */;
			buildPhases = (
				82F74AA02239D46B0045290E /* Sources */,
				82F74AA12239D46B0045290E /* Frameworks */,
				82F74AA22239D46B0045290E /* Resources */,
			);
			buildRules = (
			);
			dependencies = (
			);
			name = ConsolidationDay41;
			productName = ConsolidationDay41;
			productReference = 82F74AA42239D46B0045290E /* ConsolidationDay41.app */;
			productType = "com.apple.product-type.application";
		};
/* End PBXNativeTarget section */

/* Begin PBXProject section */
		82F74A9C2239D46B0045290E /* Project object */ = {
			isa = PBXProject;
			attributes = {
				LastSwiftUpdateCheck = 1010;
				LastUpgradeCheck = 1010;
				ORGANIZATIONNAME = "Brad Thurlow";
				TargetAttributes = {
					82F74AA32239D46B0045290E = {
						CreatedOnToolsVersion = 10.1;
					};
				};
			};
			buildConfigurationList = 82F74A9F2239D46B0045290E /* Build configuration list for PBXProject "ConsolidationDay41" */;
			compatibilityVersion = "Xcode 9.3";
			developmentRegion = en;
			hasScannedForEncodings = 0;
			knownRegions = (
				en,
				Base,
			);
			mainGroup = 82F74A9B2239D46B0045290E;
			productRefGroup = 82F74AA52239D46B0045290E /* Products */;
			projectDirPath = "";
			projectRoot = "";
			targets = (
				82F74AA32239D46B0045290E /* ConsolidationDay41 */,
			);
		};
/* End PBXProject section */

/* Begin PBXResourcesBuildPhase section */
		82F74AA22239D46B0045290E /* Resources */ = {
			isa = PBXResourcesBuildPhase;
			buildActionMask = 2147483647;
			files = (
				82F74AB22239D46D0045290E /* LaunchScreen.storyboard in Resources */,
				82F74ABA2239D89E0045290E /* start.txt in Resources */,
				82F74AAF2239D46D0045290E /* Assets.xcassets in Resources */,
				82F74AAD2239D46B0045290E /* Main.storyboard in Resources */,
			);
			runOnlyForDeploymentPostprocessing = 0;
		};
/* End PBXResourcesBuildPhase section */

/* Begin PBXSourcesBuildPhase section */
		82F74AA02239D46B0045290E /* Sources */ = {
			isa = PBXSourcesBuildPhase;
			buildActionMask = 2147483647;
			files = (
				82F74AAA2239D46B0045290E /* ViewController.swift in Sources */,
				82F74AA82239D46B0045290E /* AppDelegate.swift in Sources */,
			);
			runOnlyForDeploymentPostprocessing = 0;
		};
/* End PBXSourcesBuildPhase section */

/* Begin PBXVariantGroup section */
		82F74AAB2239D46B0045290E /* Main.storyboard */ = {
			isa = PBXVariantGroup;
			children = (
				82F74AAC2239D46B0045290E /* Base */,
			);
			name = Main.storyboard;
			sourceTree = "<group>";
		};
		82F74AB02239D46D0045290E /* LaunchScreen.storyboard */ = {
			isa = PBXVariantGroup;
			children = (
				82F74AB12239D46D0045290E /* Base */,
			);
			name = LaunchScreen.storyboard;
			sourceTree = "<group>";
		};
/* End PBXVariantGroup section */

/* Begin XCBuildConfiguration section */
		82F74AB42239D46D0045290E /* Debug */ = {
			isa = XCBuildConfiguration;
			buildSettings = {
				ALWAYS_SEARCH_USER_PATHS = NO;
				CLANG_ANALYZER_NONNULL = YES;
				CLANG_ANALYZER_NUMBER_OBJECT_CONVERSION = YES_AGGRESSIVE;
				CLANG_CXX_LANGUAGE_STANDARD = "gnu++14";
				CLANG_CXX_LIBRARY = "libc++";
				CLANG_ENABLE_MODULES = YES;
				CLANG_ENABLE_OBJC_ARC = YES;
				CLANG_ENABLE_OBJC_WEAK = YES;
				CLANG_WARN_BLOCK_CAPTURE_AUTORELEASING = YES;
				CLANG_WARN_BOOL_CONVERSION = YES;
				CLANG_WARN_COMMA = YES;
				CLANG_WARN_CONSTANT_CONVERSION = YES;
				CLANG_WARN_DEPRECATED_OBJC_IMPLEMENTATIONS = YES;
				CLANG_WARN_DIRECT_OBJC_ISA_USAGE = YES_ERROR;
				CLANG_WARN_DOCUMENTATION_COMMENTS = YES;
				CLANG_WARN_EMPTY_BODY = YES;
				CLANG_WARN_ENUM_CONVERSION = YES;
				CLANG_WARN_INFINITE_RECURSION = YES;
				CLANG_WARN_INT_CONVERSION = YES;
				CLANG_WARN_NON_LITERAL_NULL_CONVERSION = YES;
				CLANG_WARN_OBJC_IMPLICIT_RETAIN_SELF = YES;
				CLANG_WARN_OBJC_LITERAL_CONVERSION = YES;
				CLANG_WARN_OBJC_ROOT_CLASS = YES_ERROR;
				CLANG_WARN_RANGE_LOOP_ANALYSIS = YES;
				CLANG_WARN_STRICT_PROTOTYPES = YES;
				CLANG_WARN_SUSPICIOUS_MOVE = YES;
				CLANG_WARN_UNGUARDED_AVAILABILITY = YES_AGGRESSIVE;
				CLANG_WARN_UNREACHABLE_CODE = YES;
				CLANG_WARN__DUPLICATE_METHOD_MATCH = YES;
				CODE_SIGN_IDENTITY = "iPhone Developer";
				COPY_PHASE_STRIP = NO;
				DEBUG_INFORMATION_FORMAT = dwarf;
				ENABLE_STRICT_OBJC_MSGSEND = YES;
				ENABLE_TESTABILITY = YES;
				GCC_C_LANGUAGE_STANDARD = gnu11;
				GCC_DYNAMIC_NO_PIC = NO;
				GCC_NO_COMMON_BLOCKS = YES;
				GCC_OPTIMIZATION_LEVEL = 0;
				GCC_PREPROCESSOR_DEFINITIONS = (
					"DEBUG=1",
					"$(inherited)",
				);
				GCC_WARN_64_TO_32_BIT_CONVERSION = YES;
				GCC_WARN_ABOUT_RETURN_TYPE = YES_ERROR;
				GCC_WARN_UNDECLARED_SELECTOR = YES;
				GCC_WARN_UNINITIALIZED_AUTOS = YES_AGGRESSIVE;
				GCC_WARN_UNUSED_FUNCTION = YES;
				GCC_WARN_UNUSED_VARIABLE = YES;
				IPHONEOS_DEPLOYMENT_TARGET = 12.1;
				MTL_ENABLE_DEBUG_INFO = INCLUDE_SOURCE;
				MTL_FAST_MATH = YES;
				ONLY_ACTIVE_ARCH = YES;
				SDKROOT = iphoneos;
				SWIFT_ACTIVE_COMPILATION_CONDITIONS = DEBUG;
				SWIFT_OPTIMIZATION_LEVEL = "-Onone";
			};
			name = Debug;
		};
		82F74AB52239D46D0045290E /* Release */ = {
			isa = XCBuildConfiguration;
			buildSettings = {
				ALWAYS_SEARCH_USER_PATHS = NO;
				CLANG_ANALYZER_NONNULL = YES;
				CLANG_ANALYZER_NUMBER_OBJECT_CONVERSION = YES_AGGRESSIVE;
				CLANG_CXX_LANGUAGE_STANDARD = "gnu++14";
				CLANG_CXX_LIBRARY = "libc++";
				CLANG_ENABLE_MODULES = YES;
				CLANG_ENABLE_OBJC_ARC = YES;
				CLANG_ENABLE_OBJC_WEAK = YES;
				CLANG_WARN_BLOCK_CAPTURE_AUTORELEASING = YES;
				CLANG_WARN_BOOL_CONVERSION = YES;
				CLANG_WARN_COMMA = YES;
				CLANG_WARN_CONSTANT_CONVERSION = YES;
				CLANG_WARN_DEPRECATED_OBJC_IMPLEMENTATIONS = YES;
				CLANG_WARN_DIRECT_OBJC_ISA_USAGE = YES_ERROR;
				CLANG_WARN_DOCUMENTATION_COMMENTS = YES;
				CLANG_WARN_EMPTY_BODY = YES;
				CLANG_WARN_ENUM_CONVERSION = YES;
				CLANG_WARN_INFINITE_RECURSION = YES;
				CLANG_WARN_INT_CONVERSION = YES;
				CLANG_WARN_NON_LITERAL_NULL_CONVERSION = YES;
				CLANG_WARN_OBJC_IMPLICIT_RETAIN_SELF = YES;
				CLANG_WARN_OBJC_LITERAL_CONVERSION = YES;
				CLANG_WARN_OBJC_ROOT_CLASS = YES_ERROR;
				CLANG_WARN_RANGE_LOOP_ANALYSIS = YES;
				CLANG_WARN_STRICT_PROTOTYPES = YES;
				CLANG_WARN_SUSPICIOUS_MOVE = YES;
				CLANG_WARN_UNGUARDED_AVAILABILITY = YES_AGGRESSIVE;
				CLANG_WARN_UNREACHABLE_CODE = YES;
				CLANG_WARN__DUPLICATE_METHOD_MATCH = YES;
				CODE_SIGN_IDENTITY = "iPhone Developer";
				COPY_PHASE_STRIP = NO;
				DEBUG_INFORMATION_FORMAT = "dwarf-with-dsym";
				ENABLE_NS_ASSERTIONS = NO;
				ENABLE_STRICT_OBJC_MSGSEND = YES;
				GCC_C_LANGUAGE_STANDARD = gnu11;
				GCC_NO_COMMON_BLOCKS = YES;
				GCC_WARN_64_TO_32_BIT_CONVERSION = YES;
				GCC_WARN_ABOUT_RETURN_TYPE = YES_ERROR;
				GCC_WARN_UNDECLARED_SELECTOR = YES;
				GCC_WARN_UNINITIALIZED_AUTOS = YES_AGGRESSIVE;
				GCC_WARN_UNUSED_FUNCTION = YES;
				GCC_WARN_UNUSED_VARIABLE = YES;
				IPHONEOS_DEPLOYMENT_TARGET = 12.1;
				MTL_ENABLE_DEBUG_INFO = NO;
				MTL_FAST_MATH = YES;
				SDKROOT = iphoneos;
				SWIFT_COMPILATION_MODE = wholemodule;
				SWIFT_OPTIMIZATION_LEVEL = "-O";
				VALIDATE_PRODUCT = YES;
			};
			name = Release;
		};
		82F74AB72239D46D0045290E /* Debug */ = {
			isa = XCBuildConfiguration;
			buildSettings = {
				ASSETCATALOG_COMPILER_APPICON_NAME = AppIcon;
				CODE_SIGN_STYLE = Automatic;
				DEVELOPMENT_TEAM = Q595PMDRBA;
				INFOPLIST_FILE = ConsolidationDay41/Info.plist;
				LD_RUNPATH_SEARCH_PATHS = (
					"$(inherited)",
					"@executable_path/Frameworks",
				);
				PRODUCT_BUNDLE_IDENTIFIER = BT.ConsolidationDay41;
				PRODUCT_NAME = "$(TARGET_NAME)";
				SWIFT_VERSION = 4.2;
				TARGETED_DEVICE_FAMILY = "1,2";
			};
			name = Debug;
		};
		82F74AB82239D46D0045290E /* Release */ = {
			isa = XCBuildConfiguration;
			buildSettings = {
				ASSETCATALOG_COMPILER_APPICON_NAME = AppIcon;
				CODE_SIGN_STYLE = Automatic;
				DEVELOPMENT_TEAM = Q595PMDRBA;
				INFOPLIST_FILE = ConsolidationDay41/Info.plist;
				LD_RUNPATH_SEARCH_PATHS = (
					"$(inherited)",
					"@executable_path/Frameworks",
				);
				PRODUCT_BUNDLE_IDENTIFIER = BT.ConsolidationDay41;
				PRODUCT_NAME = "$(TARGET_NAME)";
				SWIFT_VERSION = 4.2;
				TARGETED_DEVICE_FAMILY = "1,2";
			};
			name = Release;
		};
/* End XCBuildConfiguration section */

/* Begin XCConfigurationList section */
		82F74A9F2239D46B0045290E /* Build configuration list for PBXProject "ConsolidationDay41" */ = {
			isa = XCConfigurationList;
			buildConfigurations = (
				82F74AB42239D46D0045290E /* Debug */,
				82F74AB52239D46D0045290E /* Release */,
			);
			defaultConfigurationIsVisible = 0;
			defaultConfigurationName = Release;
		};
		82F74AB62239D46D0045290E /* Build configuration list for PBXNativeTarget "ConsolidationDay41" */ = {
			isa = XCConfigurationList;
			buildConfigurations = (
				82F74AB72239D46D0045290E /* Debug */,
				82F74AB82239D46D0045290E /* Release */,
			);
			defaultConfigurationIsVisible = 0;
			defaultConfigurationName = Release;
		};
/* End XCConfigurationList section */
	};
	rootObject = 82F74A9C2239D46B0045290E /* Project object */;
}
