// !$*UTF8*$!
{
	archiveVersion = 1;
	classes = {
	};
	objectVersion = 50;
	objects = {

/* Begin PBXBuildFile section */
		82303CA5223B333400947591 /* AppDelegate.swift in Sources */ = {isa = PBXBuildFile; fileRef = 82303CA4223B333400947591 /* AppDelegate.swift */; };
		82303CA7223B333400947591 /* ViewController.swift in Sources */ = {isa = PBXBuildFile; fileRef = 82303CA6223B333400947591 /* ViewController.swift */; };
		82303CAA223B333400947591 /* Main.storyboard in Resources */ = {isa = PBXBuildFile; fileRef = 82303CA8223B333400947591 /* Main.storyboard */; };
		82303CAC223B333600947591 /* Assets.xcassets in Resources */ = {isa = PBXBuildFile; fileRef = 82303CAB223B333600947591 /* Assets.xcassets */; };
		82303CAF223B333600947591 /* LaunchScreen.storyboard in Resources */ = {isa = PBXBuildFile; fileRef = 82303CAD223B333600947591 /* LaunchScreen.storyboard */; };
		82303CB7223B34F500947591 /* PersonCell.swift in Sources */ = {isa = PBXBuildFile; fileRef = 82303CB6223B34F500947591 /* PersonCell.swift */; };
		82303CB9223D0F9F00947591 /* Person.swift in Sources */ = {isa = PBXBuildFile; fileRef = 82303CB8223D0F9F00947591 /* Person.swift */; };
/* End PBXBuildFile section */

/* Begin PBXFileReference section */
		82303CA1223B333400947591 /* Project10.app */ = {isa = PBXFileReference; explicitFileType = wrapper.application; includeInIndex = 0; path = Project10.app; sourceTree = BUILT_PRODUCTS_DIR; };
		82303CA4223B333400947591 /* AppDelegate.swift */ = {isa = PBXFileReference; lastKnownFileType = sourcecode.swift; path = AppDelegate.swift; sourceTree = "<group>"; };
		82303CA6223B333400947591 /* ViewController.swift */ = {isa = PBXFileReference; lastKnownFileType = sourcecode.swift; path = ViewController.swift; sourceTree = "<group>"; };
		82303CA9223B333400947591 /* Base */ = {isa = PBXFileReference; lastKnownFileType = file.storyboard; name = Base; path = Base.lproj/Main.storyboard; sourceTree = "<group>"; };
		82303CAB223B333600947591 /* Assets.xcassets */ = {isa = PBXFileReference; lastKnownFileType = folder.assetcatalog; path = Assets.xcassets; sourceTree = "<group>"; };
		82303CAE223B333600947591 /* Base */ = {isa = PBXFileReference; lastKnownFileType = file.storyboard; name = Base; path = Base.lproj/LaunchScreen.storyboard; sourceTree = "<group>"; };
		82303CB0223B333600947591 /* Info.plist */ = {isa = PBXFileReference; lastKnownFileType = text.plist.xml; path = Info.plist; sourceTree = "<group>"; };
		82303CB6223B34F500947591 /* PersonCell.swift */ = {isa = PBXFileReference; lastKnownFileType = sourcecode.swift; path = PersonCell.swift; sourceTree = "<group>"; };
		82303CB8223D0F9F00947591 /* Person.swift */ = {isa = PBXFileReference; lastKnownFileType = sourcecode.swift; path = Person.swift; sourceTree = "<group>"; };
/* End PBXFileReference section */

/* Begin PBXFrameworksBuildPhase section */
		82303C9E223B333400947591 /* Frameworks */ = {
			isa = PBXFrameworksBuildPhase;
			buildActionMask = 2147483647;
			files = (
			);
			runOnlyForDeploymentPostprocessing = 0;
		};
/* End PBXFrameworksBuildPhase section */

/* Begin PBXGroup section */
		82303C98223B333400947591 = {
			isa = PBXGroup;
			children = (
				82303CA3223B333400947591 /* Project10 */,
				82303CA2223B333400947591 /* Products */,
			);
			sourceTree = "<group>";
		};
		82303CA2223B333400947591 /* Products */ = {
			isa = PBXGroup;
			children = (
				82303CA1223B333400947591 /* Project10.app */,
			);
			name = Products;
			sourceTree = "<group>";
		};
		82303CA3223B333400947591 /* Project10 */ = {
			isa = PBXGroup;
			children = (
				82303CA4223B333400947591 /* AppDelegate.swift */,
				82303CA6223B333400947591 /* ViewController.swift */,
				82303CB8223D0F9F00947591 /* Person.swift */,
				82303CA8223B333400947591 /* Main.storyboard */,
				82303CB6223B34F500947591 /* PersonCell.swift */,
				82303CAB223B333600947591 /* Assets.xcassets */,
				82303CAD223B333600947591 /* LaunchScreen.storyboard */,
				82303CB0223B333600947591 /* Info.plist */,
			);
			path = Project10;
			sourceTree = "<group>";
		};
/* End PBXGroup section */

/* Begin PBXNativeTarget section */
		82303CA0223B333400947591 /* Project10 */ = {
			isa = PBXNativeTarget;
			buildConfigurationList = 82303CB3223B333600947591 /* Build configuration list for PBXNativeTarget "Project10" */;
			buildPhases = (
				82303C9D223B333400947591 /* Sources */,
				82303C9E223B333400947591 /* Frameworks */,
				82303C9F223B333400947591 /* Resources */,
			);
			buildRules = (
			);
			dependencies = (
			);
			name = Project10;
			productName = Project10;
			productReference = 82303CA1223B333400947591 /* Project10.app */;
			productType = "com.apple.product-type.application";
		};
/* End PBXNativeTarget section */

/* Begin PBXProject section */
		82303C99223B333400947591 /* Project object */ = {
			isa = PBXProject;
			attributes = {
				LastSwiftUpdateCheck = 1010;
				LastUpgradeCheck = 1010;
				ORGANIZATIONNAME = "Brad Thurlow";
				TargetAttributes = {
					82303CA0223B333400947591 = {
						CreatedOnToolsVersion = 10.1;
					};
				};
			};
			buildConfigurationList = 82303C9C223B333400947591 /* Build configuration list for PBXProject "Project10" */;
			compatibilityVersion = "Xcode 9.3";
			developmentRegion = en;
			hasScannedForEncodings = 0;
			knownRegions = (
				en,
				Base,
			);
			mainGroup = 82303C98223B333400947591;
			productRefGroup = 82303CA2223B333400947591 /* Products */;
			projectDirPath = "";
			projectRoot = "";
			targets = (
				82303CA0223B333400947591 /* Project10 */,
			);
		};
/* End PBXProject section */

/* Begin PBXResourcesBuildPhase section */
		82303C9F223B333400947591 /* Resources */ = {
			isa = PBXResourcesBuildPhase;
			buildActionMask = 2147483647;
			files = (
				82303CAF223B333600947591 /* LaunchScreen.storyboard in Resources */,
				82303CAC223B333600947591 /* Assets.xcassets in Resources */,
				82303CAA223B333400947591 /* Main.storyboard in Resources */,
			);
			runOnlyForDeploymentPostprocessing = 0;
		};
/* End PBXResourcesBuildPhase section */

/* Begin PBXSourcesBuildPhase section */
		82303C9D223B333400947591 /* Sources */ = {
			isa = PBXSourcesBuildPhase;
			buildActionMask = 2147483647;
			files = (
				82303CB7223B34F500947591 /* PersonCell.swift in Sources */,
				82303CA7223B333400947591 /* ViewController.swift in Sources */,
				82303CB9223D0F9F00947591 /* Person.swift in Sources */,
				82303CA5223B333400947591 /* AppDelegate.swift in Sources */,
			);
			runOnlyForDeploymentPostprocessing = 0;
		};
/* End PBXSourcesBuildPhase section */

/* Begin PBXVariantGroup section */
		82303CA8223B333400947591 /* Main.storyboard */ = {
			isa = PBXVariantGroup;
			children = (
				82303CA9223B333400947591 /* Base */,
			);
			name = Main.storyboard;
			sourceTree = "<group>";
		};
		82303CAD223B333600947591 /* LaunchScreen.storyboard */ = {
			isa = PBXVariantGroup;
			children = (
				82303CAE223B333600947591 /* Base */,
			);
			name = LaunchScreen.storyboard;
			sourceTree = "<group>";
		};
/* End PBXVariantGroup section */

/* Begin XCBuildConfiguration section */
		82303CB1223B333600947591 /* Debug */ = {
			isa = XCBuildConfiguration;
			buildSettings = {
				ALWAYS_SEARCH_USER_PATHS = NO;
				CLANG_ANALYZER_NONNULL = YES;
				CLANG_ANALYZER_NUMBER_OBJECT_CONVERSION = YES_AGGRESSIVE;
				CLANG_CXX_LANGUAGE_STANDARD = "gnu++14";
				CLANG_CXX_LIBRARY = "libc++";
				CLANG_ENABLE_MODULES = YES;
				CLANG_ENABLE_OBJC_ARC = YES;
				CLANG_ENABLE_OBJC_WEAK = YES;
				CLANG_WARN_BLOCK_CAPTURE_AUTORELEASING = YES;
				CLANG_WARN_BOOL_CONVERSION = YES;
				CLANG_WARN_COMMA = YES;
				CLANG_WARN_CONSTANT_CONVERSION = YES;
				CLANG_WARN_DEPRECATED_OBJC_IMPLEMENTATIONS = YES;
				CLANG_WARN_DIRECT_OBJC_ISA_USAGE = YES_ERROR;
				CLANG_WARN_DOCUMENTATION_COMMENTS = YES;
				CLANG_WARN_EMPTY_BODY = YES;
				CLANG_WARN_ENUM_CONVERSION = YES;
				CLANG_WARN_INFINITE_RECURSION = YES;
				CLANG_WARN_INT_CONVERSION = YES;
				CLANG_WARN_NON_LITERAL_NULL_CONVERSION = YES;
				CLANG_WARN_OBJC_IMPLICIT_RETAIN_SELF = YES;
				CLANG_WARN_OBJC_LITERAL_CONVERSION = YES;
				CLANG_WARN_OBJC_ROOT_CLASS = YES_ERROR;
				CLANG_WARN_RANGE_LOOP_ANALYSIS = YES;
				CLANG_WARN_STRICT_PROTOTYPES = YES;
				CLANG_WARN_SUSPICIOUS_MOVE = YES;
				CLANG_WARN_UNGUARDED_AVAILABILITY = YES_AGGRESSIVE;
				CLANG_WARN_UNREACHABLE_CODE = YES;
				CLANG_WARN__DUPLICATE_METHOD_MATCH = YES;
				CODE_SIGN_IDENTITY = "iPhone Developer";
				COPY_PHASE_STRIP = NO;
				DEBUG_INFORMATION_FORMAT = dwarf;
				ENABLE_STRICT_OBJC_MSGSEND = YES;
				ENABLE_TESTABILITY = YES;
				GCC_C_LANGUAGE_STANDARD = gnu11;
				GCC_DYNAMIC_NO_PIC = NO;
				GCC_NO_COMMON_BLOCKS = YES;
				GCC_OPTIMIZATION_LEVEL = 0;
				GCC_PREPROCESSOR_DEFINITIONS = (
					"DEBUG=1",
					"$(inherited)",
				);
				GCC_WARN_64_TO_32_BIT_CONVERSION = YES;
				GCC_WARN_ABOUT_RETURN_TYPE = YES_ERROR;
				GCC_WARN_UNDECLARED_SELECTOR = YES;
				GCC_WARN_UNINITIALIZED_AUTOS = YES_AGGRESSIVE;
				GCC_WARN_UNUSED_FUNCTION = YES;
				GCC_WARN_UNUSED_VARIABLE = YES;
				IPHONEOS_DEPLOYMENT_TARGET = 12.1;
				MTL_ENABLE_DEBUG_INFO = INCLUDE_SOURCE;
				MTL_FAST_MATH = YES;
				ONLY_ACTIVE_ARCH = YES;
				SDKROOT = iphoneos;
				SWIFT_ACTIVE_COMPILATION_CONDITIONS = DEBUG;
				SWIFT_OPTIMIZATION_LEVEL = "-Onone";
			};
			name = Debug;
		};
		82303CB2223B333600947591 /* Release */ = {
			isa = XCBuildConfiguration;
			buildSettings = {
				ALWAYS_SEARCH_USER_PATHS = NO;
				CLANG_ANALYZER_NONNULL = YES;
				CLANG_ANALYZER_NUMBER_OBJECT_CONVERSION = YES_AGGRESSIVE;
				CLANG_CXX_LANGUAGE_STANDARD = "gnu++14";
				CLANG_CXX_LIBRARY = "libc++";
				CLANG_ENABLE_MODULES = YES;
				CLANG_ENABLE_OBJC_ARC = YES;
				CLANG_ENABLE_OBJC_WEAK = YES;
				CLANG_WARN_BLOCK_CAPTURE_AUTORELEASING = YES;
				CLANG_WARN_BOOL_CONVERSION = YES;
				CLANG_WARN_COMMA = YES;
				CLANG_WARN_CONSTANT_CONVERSION = YES;
				CLANG_WARN_DEPRECATED_OBJC_IMPLEMENTATIONS = YES;
				CLANG_WARN_DIRECT_OBJC_ISA_USAGE = YES_ERROR;
				CLANG_WARN_DOCUMENTATION_COMMENTS = YES;
				CLANG_WARN_EMPTY_BODY = YES;
				CLANG_WARN_ENUM_CONVERSION = YES;
				CLANG_WARN_INFINITE_RECURSION = YES;
				CLANG_WARN_INT_CONVERSION = YES;
				CLANG_WARN_NON_LITERAL_NULL_CONVERSION = YES;
				CLANG_WARN_OBJC_IMPLICIT_RETAIN_SELF = YES;
				CLANG_WARN_OBJC_LITERAL_CONVERSION = YES;
				CLANG_WARN_OBJC_ROOT_CLASS = YES_ERROR;
				CLANG_WARN_RANGE_LOOP_ANALYSIS = YES;
				CLANG_WARN_STRICT_PROTOTYPES = YES;
				CLANG_WARN_SUSPICIOUS_MOVE = YES;
				CLANG_WARN_UNGUARDED_AVAILABILITY = YES_AGGRESSIVE;
				CLANG_WARN_UNREACHABLE_CODE = YES;
				CLANG_WARN__DUPLICATE_METHOD_MATCH = YES;
				CODE_SIGN_IDENTITY = "iPhone Developer";
				COPY_PHASE_STRIP = NO;
				DEBUG_INFORMATION_FORMAT = "dwarf-with-dsym";
				ENABLE_NS_ASSERTIONS = NO;
				ENABLE_STRICT_OBJC_MSGSEND = YES;
				GCC_C_LANGUAGE_STANDARD = gnu11;
				GCC_NO_COMMON_BLOCKS = YES;
				GCC_WARN_64_TO_32_BIT_CONVERSION = YES;
				GCC_WARN_ABOUT_RETURN_TYPE = YES_ERROR;
				GCC_WARN_UNDECLARED_SELECTOR = YES;
				GCC_WARN_UNINITIALIZED_AUTOS = YES_AGGRESSIVE;
				GCC_WARN_UNUSED_FUNCTION = YES;
				GCC_WARN_UNUSED_VARIABLE = YES;
				IPHONEOS_DEPLOYMENT_TARGET = 12.1;
				MTL_ENABLE_DEBUG_INFO = NO;
				MTL_FAST_MATH = YES;
				SDKROOT = iphoneos;
				SWIFT_COMPILATION_MODE = wholemodule;
				SWIFT_OPTIMIZATION_LEVEL = "-O";
				VALIDATE_PRODUCT = YES;
			};
			name = Release;
		};
		82303CB4223B333600947591 /* Debug */ = {
			isa = XCBuildConfiguration;
			buildSettings = {
				ASSETCATALOG_COMPILER_APPICON_NAME = AppIcon;
				CODE_SIGN_STYLE = Automatic;
				DEVELOPMENT_TEAM = Q595PMDRBA;
				INFOPLIST_FILE = Project10/Info.plist;
				LD_RUNPATH_SEARCH_PATHS = (
					"$(inherited)",
					"@executable_path/Frameworks",
				);
				PRODUCT_BUNDLE_IDENTIFIER = BT.Project10;
				PRODUCT_NAME = "$(TARGET_NAME)";
				SWIFT_VERSION = 4.2;
				TARGETED_DEVICE_FAMILY = "1,2";
			};
			name = Debug;
		};
		82303CB5223B333600947591 /* Release */ = {
			isa = XCBuildConfiguration;
			buildSettings = {
				ASSETCATALOG_COMPILER_APPICON_NAME = AppIcon;
				CODE_SIGN_STYLE = Automatic;
				DEVELOPMENT_TEAM = Q595PMDRBA;
				INFOPLIST_FILE = Project10/Info.plist;
				LD_RUNPATH_SEARCH_PATHS = (
					"$(inherited)",
					"@executable_path/Frameworks",
				);
				PRODUCT_BUNDLE_IDENTIFIER = BT.Project10;
				PRODUCT_NAME = "$(TARGET_NAME)";
				SWIFT_VERSION = 4.2;
				TARGETED_DEVICE_FAMILY = "1,2";
			};
			name = Release;
		};
/* End XCBuildConfiguration section */

/* Begin XCConfigurationList section */
		82303C9C223B333400947591 /* Build configuration list for PBXProject "Project10" */ = {
			isa = XCConfigurationList;
			buildConfigurations = (
				82303CB1223B333600947591 /* Debug */,
				82303CB2223B333600947591 /* Release */,
			);
			defaultConfigurationIsVisible = 0;
			defaultConfigurationName = Release;
		};
		82303CB3223B333600947591 /* Build configuration list for PBXNativeTarget "Project10" */ = {
			isa = XCConfigurationList;
			buildConfigurations = (
				82303CB4223B333600947591 /* Debug */,
				82303CB5223B333600947591 /* Release */,
			);
			defaultConfigurationIsVisible = 0;
			defaultConfigurationName = Release;
		};
/* End XCConfigurationList section */
	};
	rootObject = 82303C99223B333400947591 /* Project object */;
}
